[[package]]
name = "pytube"
version = "12.1.0"
description = "Python 3 library for downloading YouTube Videos."
category = "main"
optional = false
python-versions = ">=3.6"

[metadata]
lock-version = "1.1"
python-versions = "^3.10"
content-hash = "c031ae26cca0e24a0a6fa9584bb227ea63ee6896fe0bceb3917529644719b94c"

[metadata.files]
pytube = [
    {file = "pytube-12.1.0-py3-none-any.whl", hash = "sha256:c2e4b1ffdf9eca4c287f881557a6b4f98dd287ecfa06e2e5d5936d39c5f4d8da"},
    {file = "pytube-12.1.0.tar.gz", hash = "sha256:6de1f3a4cb125dd6ff912598c7e88a866325a63cc91755cae616f53c40ae5503"},
]
